
Microsoft Visual Studio Solution File, Format Version 12.00
# Visual Studio Version 17
VisualStudioVersion = 17.1.32319.34
MinimumVisualStudioVersion = 10.0.40219.1
Project("{FAE04EC0-301F-11D3-BF4B-00C04F79EFBC}") = "TestJavascript", "TestJavascript\TestJavascript.csproj", "{2A3837CA-7558-49F4-A9FB-4D1429FA7E2B}"
EndProject
Global
	GlobalSection(SolutionConfigurationPlatforms) = preSolution
		Debug|Any CPU = Debug|Any CPU
		Release|Any CPU = Release|Any CPU
	EndGlobalSection
	GlobalSection(ProjectConfigurationPlatforms) = postSolution
		{2A3837CA-7558-49F4-A9FB-4D1429FA7E2B}.Debug|Any CPU.ActiveCfg = Debug|Any CPU
		{2A3837CA-7558-49F4-A9FB-4D1429FA7E2B}.Debug|Any CPU.Build.0 = Debug|Any CPU
		{2A3837CA-7558-49F4-A9FB-4D1429FA7E2B}.Release|Any CPU.ActiveCfg = Release|Any CPU
		{2A3837CA-7558-49F4-A9FB-4D1429FA7E2B}.Release|Any CPU.Build.0 = Release|Any CPU
	EndGlobalSection
	GlobalSection(SolutionProperties) = preSolution
		HideSolutionNode = FALSE
	EndGlobalSection
	GlobalSection(ExtensibilityGlobals) = postSolution
		SolutionGuid = {55C081E4-7D49-4543-BBE6-78B41865E217}
	EndGlobalSection
EndGlobal
